// !$*UTF8*$!
{
	archiveVersion = 1;
	classes = {
	};
	objectVersion = 46;
	objects = {

/* Begin PBXBuildFile section */
		200C081E15D6962000F4A0DD /* Synthesizer.m in Sources */ = {isa = PBXBuildFile; fileRef = 200C081D15D6962000F4A0DD /* Synthesizer.m */; };
		200C082D15D6995800F4A0DD /* HTTPTests.m in Sources */ = {isa = PBXBuildFile; fileRef = 200C082815D6995800F4A0DD /* HTTPTests.m */; };
		200C082F15D6995800F4A0DD /* synthesizerTests.m in Sources */ = {isa = PBXBuildFile; fileRef = 200C082B15D6995800F4A0DD /* synthesizerTests.m */; };
		20377FC315C9B737006BF0B2 /* HTML in Resources */ = {isa = PBXBuildFile; fileRef = 20377FC215C9B737006BF0B2 /* HTML */; };
		20DC119015BB050000DC5CF1 /* Cocoa.framework in Frameworks */ = {isa = PBXBuildFile; fileRef = 20DC118F15BB050000DC5CF1 /* Cocoa.framework */; };
		20DC11B115BB050100DC5CF1 /* SenTestingKit.framework in Frameworks */ = {isa = PBXBuildFile; fileRef = 20DC11B015BB050100DC5CF1 /* SenTestingKit.framework */; };
		20DC11B215BB050100DC5CF1 /* Cocoa.framework in Frameworks */ = {isa = PBXBuildFile; fileRef = 20DC118F15BB050000DC5CF1 /* Cocoa.framework */; };
		20E7949B15D611BF009DCFD0 /* BackendHTTPConfig.m in Sources */ = {isa = PBXBuildFile; fileRef = 20E7949215D611BF009DCFD0 /* BackendHTTPConfig.m */; };
		20E7949C15D611BF009DCFD0 /* BackendHTTPConnection.m in Sources */ = {isa = PBXBuildFile; fileRef = 20E7949415D611BF009DCFD0 /* BackendHTTPConnection.m */; };
		20E7949D15D611BF009DCFD0 /* BackendSync.m in Sources */ = {isa = PBXBuildFile; fileRef = 20E7949615D611BF009DCFD0 /* BackendSync.m */; };
		20E7949E15D611BF009DCFD0 /* BackendWebSocketConnection.m in Sources */ = {isa = PBXBuildFile; fileRef = 20E7949815D611BF009DCFD0 /* BackendWebSocketConnection.m */; };
		20E7949F15D611BF009DCFD0 /* HTTP.m in Sources */ = {isa = PBXBuildFile; fileRef = 20E7949A15D611BF009DCFD0 /* HTTP.m */; };
		20E81C3115D69B5A00758972 /* AppDelegate.m in Sources */ = {isa = PBXBuildFile; fileRef = 20E81C2315D69B5A00758972 /* AppDelegate.m */; };
		20E81C3215D69B5A00758972 /* ConfigurationEntity.m in Sources */ = {isa = PBXBuildFile; fileRef = 20E81C2515D69B5A00758972 /* ConfigurationEntity.m */; };
		20E81C3415D69B5A00758972 /* InfoPlist.strings in Resources */ = {isa = PBXBuildFile; fileRef = 20E81C2815D69B5A00758972 /* InfoPlist.strings */; };
		20E81C3515D69B5A00758972 /* MainMenu.xib in Resources */ = {isa = PBXBuildFile; fileRef = 20E81C2A15D69B5A00758972 /* MainMenu.xib */; };
		20E81C3615D69B5A00758972 /* main.m in Sources */ = {isa = PBXBuildFile; fileRef = 20E81C2C15D69B5A00758972 /* main.m */; };
		20E81C3815D69B5A00758972 /* synthesizer.xcdatamodeld in Sources */ = {isa = PBXBuildFile; fileRef = 20E81C2F15D69B5A00758972 /* synthesizer.xcdatamodeld */; };
		20E81C3C15D69D4000758972 /* HTTP.framework in Frameworks */ = {isa = PBXBuildFile; fileRef = 20E8284215BC6344000E2192 /* HTTP.framework */; };
		20F09E4215BC51790093607F /* feelers.framework in Frameworks */ = {isa = PBXBuildFile; fileRef = 20F09E4015BC51790093607F /* feelers.framework */; };
		20F09E4315BC51790093607F /* MIDI.framework in Frameworks */ = {isa = PBXBuildFile; fileRef = 20F09E4115BC51790093607F /* MIDI.framework */; };
/* End PBXBuildFile section */

/* Begin PBXContainerItemProxy section */
		20DC11B315BB050100DC5CF1 /* PBXContainerItemProxy */ = {
			isa = PBXContainerItemProxy;
			containerPortal = 20DC118215BB050000DC5CF1 /* Project object */;
			proxyType = 1;
			remoteGlobalIDString = 20DC118A15BB050000DC5CF1;
			remoteInfo = backend;
		};
/* End PBXContainerItemProxy section */

/* Begin PBXFileReference section */
		200C081C15D6962000F4A0DD /* Synthesizer.h */ = {isa = PBXFileReference; fileEncoding = 4; lastKnownFileType = sourcecode.c.h; path = Synthesizer.h; sourceTree = SOURCE_ROOT; };
		200C081D15D6962000F4A0DD /* Synthesizer.m */ = {isa = PBXFileReference; fileEncoding = 4; lastKnownFileType = sourcecode.c.objc; path = Synthesizer.m; sourceTree = SOURCE_ROOT; };
		200C082715D6995800F4A0DD /* HTTPTests.h */ = {isa = PBXFileReference; fileEncoding = 4; lastKnownFileType = sourcecode.c.h; path = HTTPTests.h; sourceTree = "<group>"; };
		200C082815D6995800F4A0DD /* HTTPTests.m */ = {isa = PBXFileReference; fileEncoding = 4; lastKnownFileType = sourcecode.c.objc; path = HTTPTests.m; sourceTree = "<group>"; };
		200C082A15D6995800F4A0DD /* synthesizerTests.h */ = {isa = PBXFileReference; fileEncoding = 4; lastKnownFileType = sourcecode.c.h; path = synthesizerTests.h; sourceTree = "<group>"; };
		200C082B15D6995800F4A0DD /* synthesizerTests.m */ = {isa = PBXFileReference; fileEncoding = 4; lastKnownFileType = sourcecode.c.objc; path = synthesizerTests.m; sourceTree = "<group>"; };
		20377FC215C9B737006BF0B2 /* HTML */ = {isa = PBXFileReference; lastKnownFileType = folder; name = HTML; path = ../frontend/frontend/HTML; sourceTree = "<group>"; };
		20DC118B15BB050000DC5CF1 /* synthesizer.app */ = {isa = PBXFileReference; explicitFileType = wrapper.application; includeInIndex = 0; path = synthesizer.app; sourceTree = BUILT_PRODUCTS_DIR; };
		20DC118F15BB050000DC5CF1 /* Cocoa.framework */ = {isa = PBXFileReference; lastKnownFileType = wrapper.framework; name = Cocoa.framework; path = System/Library/Frameworks/Cocoa.framework; sourceTree = SDKROOT; };
		20DC119215BB050000DC5CF1 /* AppKit.framework */ = {isa = PBXFileReference; lastKnownFileType = wrapper.framework; name = AppKit.framework; path = System/Library/Frameworks/AppKit.framework; sourceTree = SDKROOT; };
		20DC119315BB050000DC5CF1 /* CoreData.framework */ = {isa = PBXFileReference; lastKnownFileType = wrapper.framework; name = CoreData.framework; path = System/Library/Frameworks/CoreData.framework; sourceTree = SDKROOT; };
		20DC119415BB050000DC5CF1 /* Foundation.framework */ = {isa = PBXFileReference; lastKnownFileType = wrapper.framework; name = Foundation.framework; path = System/Library/Frameworks/Foundation.framework; sourceTree = SDKROOT; };
		20DC11AF15BB050100DC5CF1 /* synthesizerTests.octest */ = {isa = PBXFileReference; explicitFileType = wrapper.cfbundle; includeInIndex = 0; path = synthesizerTests.octest; sourceTree = BUILT_PRODUCTS_DIR; };
		20DC11B015BB050100DC5CF1 /* SenTestingKit.framework */ = {isa = PBXFileReference; lastKnownFileType = wrapper.framework; name = SenTestingKit.framework; path = Library/Frameworks/SenTestingKit.framework; sourceTree = DEVELOPER_DIR; };
		20E7949115D611BF009DCFD0 /* BackendHTTPConfig.h */ = {isa = PBXFileReference; fileEncoding = 4; lastKnownFileType = sourcecode.c.h; path = BackendHTTPConfig.h; sourceTree = "<group>"; };
		20E7949215D611BF009DCFD0 /* BackendHTTPConfig.m */ = {isa = PBXFileReference; fileEncoding = 4; lastKnownFileType = sourcecode.c.objc; path = BackendHTTPConfig.m; sourceTree = "<group>"; };
		20E7949315D611BF009DCFD0 /* BackendHTTPConnection.h */ = {isa = PBXFileReference; fileEncoding = 4; lastKnownFileType = sourcecode.c.h; path = BackendHTTPConnection.h; sourceTree = "<group>"; };
		20E7949415D611BF009DCFD0 /* BackendHTTPConnection.m */ = {isa = PBXFileReference; fileEncoding = 4; lastKnownFileType = sourcecode.c.objc; path = BackendHTTPConnection.m; sourceTree = "<group>"; };
		20E7949515D611BF009DCFD0 /* BackendSync.h */ = {isa = PBXFileReference; fileEncoding = 4; lastKnownFileType = sourcecode.c.h; path = BackendSync.h; sourceTree = "<group>"; };
		20E7949615D611BF009DCFD0 /* BackendSync.m */ = {isa = PBXFileReference; fileEncoding = 4; lastKnownFileType = sourcecode.c.objc; path = BackendSync.m; sourceTree = "<group>"; };
		20E7949715D611BF009DCFD0 /* BackendWebSocketConnection.h */ = {isa = PBXFileReference; fileEncoding = 4; lastKnownFileType = sourcecode.c.h; path = BackendWebSocketConnection.h; sourceTree = "<group>"; };
		20E7949815D611BF009DCFD0 /* BackendWebSocketConnection.m */ = {isa = PBXFileReference; fileEncoding = 4; lastKnownFileType = sourcecode.c.objc; path = BackendWebSocketConnection.m; sourceTree = "<group>"; };
		20E7949915D611BF009DCFD0 /* HTTP.h */ = {isa = PBXFileReference; fileEncoding = 4; lastKnownFileType = sourcecode.c.h; path = HTTP.h; sourceTree = "<group>"; };
		20E7949A15D611BF009DCFD0 /* HTTP.m */ = {isa = PBXFileReference; fileEncoding = 4; lastKnownFileType = sourcecode.c.objc; path = HTTP.m; sourceTree = "<group>"; };
		20E81C2215D69B5A00758972 /* AppDelegate.h */ = {isa = PBXFileReference; fileEncoding = 4; lastKnownFileType = sourcecode.c.h; path = AppDelegate.h; sourceTree = "<group>"; };
		20E81C2315D69B5A00758972 /* AppDelegate.m */ = {isa = PBXFileReference; fileEncoding = 4; lastKnownFileType = sourcecode.c.objc; path = AppDelegate.m; sourceTree = "<group>"; };
		20E81C2415D69B5A00758972 /* ConfigurationEntity.h */ = {isa = PBXFileReference; fileEncoding = 4; lastKnownFileType = sourcecode.c.h; path = ConfigurationEntity.h; sourceTree = "<group>"; };
		20E81C2515D69B5A00758972 /* ConfigurationEntity.m */ = {isa = PBXFileReference; fileEncoding = 4; lastKnownFileType = sourcecode.c.objc; path = ConfigurationEntity.m; sourceTree = "<group>"; };
		20E81C2915D69B5A00758972 /* en */ = {isa = PBXFileReference; lastKnownFileType = text.plist.strings; name = en; path = en.lproj/InfoPlist.strings; sourceTree = "<group>"; };
		20E81C2B15D69B5A00758972 /* en */ = {isa = PBXFileReference; lastKnownFileType = file.xib; name = en; path = en.lproj/MainMenu.xib; sourceTree = "<group>"; };
		20E81C2C15D69B5A00758972 /* main.m */ = {isa = PBXFileReference; fileEncoding = 4; lastKnownFileType = sourcecode.c.objc; path = main.m; sourceTree = "<group>"; };
		20E81C3015D69B5A00758972 /* synthesizer.xcdatamodel */ = {isa = PBXFileReference; lastKnownFileType = wrapper.xcdatamodel; path = synthesizer.xcdatamodel; sourceTree = "<group>"; };
		20E8284215BC6344000E2192 /* HTTP.framework */ = {isa = PBXFileReference; lastKnownFileType = wrapper.framework; name = HTTP.framework; path = "../../../Library/Developer/Xcode/DerivedData/synthesizer-fikigagxjnvvoeabcecxqikhscdv/Build/Products/Debug/HTTP.framework"; sourceTree = "<group>"; };
		20F09E4015BC51790093607F /* feelers.framework */ = {isa = PBXFileReference; lastKnownFileType = wrapper.framework; name = feelers.framework; path = "../../../Library/Developer/Xcode/DerivedData/synthesizer-fikigagxjnvvoeabcecxqikhscdv/Build/Products/Debug/feelers.framework"; sourceTree = "<group>"; };
		20F09E4115BC51790093607F /* MIDI.framework */ = {isa = PBXFileReference; lastKnownFileType = wrapper.framework; name = MIDI.framework; path = "../../../Library/Developer/Xcode/DerivedData/synthesizer-fikigagxjnvvoeabcecxqikhscdv/Build/Products/Debug/MIDI.framework"; sourceTree = "<group>"; };
/* End PBXFileReference section */

/* Begin PBXFrameworksBuildPhase section */
		20DC118815BB050000DC5CF1 /* Frameworks */ = {
			isa = PBXFrameworksBuildPhase;
			buildActionMask = 2147483647;
			files = (
				20F09E4215BC51790093607F /* feelers.framework in Frameworks */,
				20F09E4315BC51790093607F /* MIDI.framework in Frameworks */,
				20DC119015BB050000DC5CF1 /* Cocoa.framework in Frameworks */,
				20E81C3C15D69D4000758972 /* HTTP.framework in Frameworks */,
			);
			runOnlyForDeploymentPostprocessing = 0;
		};
		20DC11AB15BB050100DC5CF1 /* Frameworks */ = {
			isa = PBXFrameworksBuildPhase;
			buildActionMask = 2147483647;
			files = (
				20DC11B115BB050100DC5CF1 /* SenTestingKit.framework in Frameworks */,
				20DC11B215BB050100DC5CF1 /* Cocoa.framework in Frameworks */,
			);
			runOnlyForDeploymentPostprocessing = 0;
		};
/* End PBXFrameworksBuildPhase section */

/* Begin PBXGroup section */
		200C082415D6995800F4A0DD /* unitTests */ = {
			isa = PBXGroup;
			children = (
				200C082715D6995800F4A0DD /* HTTPTests.h */,
				200C082815D6995800F4A0DD /* HTTPTests.m */,
				200C082A15D6995800F4A0DD /* synthesizerTests.h */,
				200C082B15D6995800F4A0DD /* synthesizerTests.m */,
			);
			path = unitTests;
			sourceTree = "<group>";
		};
		20DC118015BB050000DC5CF1 = {
			isa = PBXGroup;
			children = (
				200C081C15D6962000F4A0DD /* Synthesizer.h */,
				200C081D15D6962000F4A0DD /* Synthesizer.m */,
				20E81C2115D69B5A00758972 /* Cocoa */,
				200C082415D6995800F4A0DD /* unitTests */,
				20E7949015D611BF009DCFD0 /* HTTP */,
				20377FC215C9B737006BF0B2 /* HTML */,
				20DC118E15BB050000DC5CF1 /* Frameworks */,
				20DC118C15BB050000DC5CF1 /* Products */,
			);
			sourceTree = "<group>";
		};
		20DC118C15BB050000DC5CF1 /* Products */ = {
			isa = PBXGroup;
			children = (
				20DC118B15BB050000DC5CF1 /* synthesizer.app */,
				20DC11AF15BB050100DC5CF1 /* synthesizerTests.octest */,
			);
			name = Products;
			sourceTree = "<group>";
		};
		20DC118E15BB050000DC5CF1 /* Frameworks */ = {
			isa = PBXGroup;
			children = (
				20E8284215BC6344000E2192 /* HTTP.framework */,
				20F09E4015BC51790093607F /* feelers.framework */,
				20F09E4115BC51790093607F /* MIDI.framework */,
				20DC11B015BB050100DC5CF1 /* SenTestingKit.framework */,
				20DC119115BB050000DC5CF1 /* Other Frameworks */,
			);
			name = Frameworks;
			sourceTree = "<group>";
		};
		20DC119115BB050000DC5CF1 /* Other Frameworks */ = {
			isa = PBXGroup;
			children = (
				20DC118F15BB050000DC5CF1 /* Cocoa.framework */,
				20DC119215BB050000DC5CF1 /* AppKit.framework */,
				20DC119315BB050000DC5CF1 /* CoreData.framework */,
				20DC119415BB050000DC5CF1 /* Foundation.framework */,
			);
			name = "Other Frameworks";
			sourceTree = "<group>";
		};
		20E7949015D611BF009DCFD0 /* HTTP */ = {
			isa = PBXGroup;
			children = (
				20E7949115D611BF009DCFD0 /* BackendHTTPConfig.h */,
				20E7949215D611BF009DCFD0 /* BackendHTTPConfig.m */,
				20E7949315D611BF009DCFD0 /* BackendHTTPConnection.h */,
				20E7949415D611BF009DCFD0 /* BackendHTTPConnection.m */,
				20E7949515D611BF009DCFD0 /* BackendSync.h */,
				20E7949615D611BF009DCFD0 /* BackendSync.m */,
				20E7949715D611BF009DCFD0 /* BackendWebSocketConnection.h */,
				20E7949815D611BF009DCFD0 /* BackendWebSocketConnection.m */,
				20E7949915D611BF009DCFD0 /* HTTP.h */,
				20E7949A15D611BF009DCFD0 /* HTTP.m */,
			);
			path = HTTP;
			sourceTree = "<group>";
		};
		20E81C2115D69B5A00758972 /* Cocoa */ = {
			isa = PBXGroup;
			children = (
				20E81C2215D69B5A00758972 /* AppDelegate.h */,
				20E81C2315D69B5A00758972 /* AppDelegate.m */,
				20E81C2415D69B5A00758972 /* ConfigurationEntity.h */,
				20E81C2515D69B5A00758972 /* ConfigurationEntity.m */,
				20E81C2815D69B5A00758972 /* InfoPlist.strings */,
				20E81C2A15D69B5A00758972 /* MainMenu.xib */,
				20E81C2C15D69B5A00758972 /* main.m */,
				20E81C2F15D69B5A00758972 /* synthesizer.xcdatamodeld */,
			);
			path = Cocoa;
			sourceTree = "<group>";
		};
/* End PBXGroup section */

/* Begin PBXNativeTarget section */
		20DC118A15BB050000DC5CF1 /* synthesizer */ = {
			isa = PBXNativeTarget;
			buildConfigurationList = 20DC11C015BB050100DC5CF1 /* Build configuration list for PBXNativeTarget "synthesizer" */;
			buildPhases = (
				20DC118715BB050000DC5CF1 /* Sources */,
				20DC118815BB050000DC5CF1 /* Frameworks */,
				20DC118915BB050000DC5CF1 /* Resources */,
			);
			buildRules = (
			);
			dependencies = (
			);
			name = synthesizer;
			productName = backend;
			productReference = 20DC118B15BB050000DC5CF1 /* synthesizer.app */;
			productType = "com.apple.product-type.application";
		};
		20DC11AE15BB050100DC5CF1 /* synthesizerTests */ = {
			isa = PBXNativeTarget;
			buildConfigurationList = 20DC11C315BB050100DC5CF1 /* Build configuration list for PBXNativeTarget "synthesizerTests" */;
			buildPhases = (
				20DC11AA15BB050100DC5CF1 /* Sources */,
				20DC11AB15BB050100DC5CF1 /* Frameworks */,
				20DC11AC15BB050100DC5CF1 /* Resources */,
				20DC11AD15BB050100DC5CF1 /* ShellScript */,
			);
			buildRules = (
			);
			dependencies = (
				20DC11B415BB050100DC5CF1 /* PBXTargetDependency */,
			);
			name = synthesizerTests;
			productName = backendTests;
			productReference = 20DC11AF15BB050100DC5CF1 /* synthesizerTests.octest */;
			productType = "com.apple.product-type.bundle";
		};
/* End PBXNativeTarget section */

/* Begin PBXProject section */
		20DC118215BB050000DC5CF1 /* Project object */ = {
			isa = PBXProject;
			attributes = {
				LastUpgradeCheck = 0450;
				ORGANIZATIONNAME = abrie;
			};
			buildConfigurationList = 20DC118515BB050000DC5CF1 /* Build configuration list for PBXProject "synthesizer" */;
			compatibilityVersion = "Xcode 3.2";
			developmentRegion = English;
			hasScannedForEncodings = 0;
			knownRegions = (
				en,
				English,
			);
			mainGroup = 20DC118015BB050000DC5CF1;
			productRefGroup = 20DC118C15BB050000DC5CF1 /* Products */;
			projectDirPath = "";
			projectRoot = "";
			targets = (
				20DC118A15BB050000DC5CF1 /* synthesizer */,
				20DC11AE15BB050100DC5CF1 /* synthesizerTests */,
			);
		};
/* End PBXProject section */

/* Begin PBXResourcesBuildPhase section */
		20DC118915BB050000DC5CF1 /* Resources */ = {
			isa = PBXResourcesBuildPhase;
			buildActionMask = 2147483647;
			files = (
				20377FC315C9B737006BF0B2 /* HTML in Resources */,
				20E81C3415D69B5A00758972 /* InfoPlist.strings in Resources */,
				20E81C3515D69B5A00758972 /* MainMenu.xib in Resources */,
			);
			runOnlyForDeploymentPostprocessing = 0;
		};
		20DC11AC15BB050100DC5CF1 /* Resources */ = {
			isa = PBXResourcesBuildPhase;
			buildActionMask = 2147483647;
			files = (
			);
			runOnlyForDeploymentPostprocessing = 0;
		};
/* End PBXResourcesBuildPhase section */

/* Begin PBXShellScriptBuildPhase section */
		20DC11AD15BB050100DC5CF1 /* ShellScript */ = {
			isa = PBXShellScriptBuildPhase;
			buildActionMask = 2147483647;
			files = (
			);
			inputPaths = (
			);
			outputPaths = (
			);
			runOnlyForDeploymentPostprocessing = 0;
			shellPath = /bin/sh;
			shellScript = "# Run the unit tests in this test bundle.\n\"${SYSTEM_DEVELOPER_DIR}/Tools/RunUnitTests\"\n";
		};
/* End PBXShellScriptBuildPhase section */

/* Begin PBXSourcesBuildPhase section */
		20DC118715BB050000DC5CF1 /* Sources */ = {
			isa = PBXSourcesBuildPhase;
			buildActionMask = 2147483647;
			files = (
				20E7949B15D611BF009DCFD0 /* BackendHTTPConfig.m in Sources */,
				20E7949C15D611BF009DCFD0 /* BackendHTTPConnection.m in Sources */,
				20E7949D15D611BF009DCFD0 /* BackendSync.m in Sources */,
				20E7949E15D611BF009DCFD0 /* BackendWebSocketConnection.m in Sources */,
				20E7949F15D611BF009DCFD0 /* HTTP.m in Sources */,
				200C081E15D6962000F4A0DD /* Synthesizer.m in Sources */,
				20E81C3115D69B5A00758972 /* AppDelegate.m in Sources */,
				20E81C3215D69B5A00758972 /* ConfigurationEntity.m in Sources */,
				20E81C3615D69B5A00758972 /* main.m in Sources */,
				20E81C3815D69B5A00758972 /* synthesizer.xcdatamodeld in Sources */,
			);
			runOnlyForDeploymentPostprocessing = 0;
		};
		20DC11AA15BB050100DC5CF1 /* Sources */ = {
			isa = PBXSourcesBuildPhase;
			buildActionMask = 2147483647;
			files = (
				200C082D15D6995800F4A0DD /* HTTPTests.m in Sources */,
				200C082F15D6995800F4A0DD /* synthesizerTests.m in Sources */,
			);
			runOnlyForDeploymentPostprocessing = 0;
		};
/* End PBXSourcesBuildPhase section */

/* Begin PBXTargetDependency section */
		20DC11B415BB050100DC5CF1 /* PBXTargetDependency */ = {
			isa = PBXTargetDependency;
			target = 20DC118A15BB050000DC5CF1 /* synthesizer */;
			targetProxy = 20DC11B315BB050100DC5CF1 /* PBXContainerItemProxy */;
		};
/* End PBXTargetDependency section */

/* Begin PBXVariantGroup section */
		20E81C2815D69B5A00758972 /* InfoPlist.strings */ = {
			isa = PBXVariantGroup;
			children = (
				20E81C2915D69B5A00758972 /* en */,
			);
			name = InfoPlist.strings;
			sourceTree = "<group>";
		};
		20E81C2A15D69B5A00758972 /* MainMenu.xib */ = {
			isa = PBXVariantGroup;
			children = (
				20E81C2B15D69B5A00758972 /* en */,
			);
			name = MainMenu.xib;
			sourceTree = "<group>";
		};
/* End PBXVariantGroup section */

/* Begin XCBuildConfiguration section */
		20DC11BE15BB050100DC5CF1 /* Debug */ = {
			isa = XCBuildConfiguration;
			buildSettings = {
				ALWAYS_SEARCH_USER_PATHS = NO;
				ARCHS = "$(ARCHS_STANDARD_64_BIT)";
				CLANG_CXX_LANGUAGE_STANDARD = "gnu++0x";
				CLANG_ENABLE_OBJC_ARC = YES;
				CLANG_WARN__DUPLICATE_METHOD_MATCH = YES;
				COPY_PHASE_STRIP = NO;
				GCC_C_LANGUAGE_STANDARD = gnu99;
				GCC_DYNAMIC_NO_PIC = NO;
				GCC_ENABLE_OBJC_EXCEPTIONS = YES;
				GCC_OPTIMIZATION_LEVEL = 0;
				GCC_PREPROCESSOR_DEFINITIONS = (
					"DEBUG=1",
					"$(inherited)",
				);
				GCC_SYMBOLS_PRIVATE_EXTERN = NO;
				GCC_WARN_64_TO_32_BIT_CONVERSION = YES;
				GCC_WARN_ABOUT_RETURN_TYPE = YES;
				GCC_WARN_UNINITIALIZED_AUTOS = YES;
				GCC_WARN_UNUSED_VARIABLE = YES;
				HEADER_SEARCH_PATHS = (
					"HTTP/CocoaHTTPServer/Vendor/CocoaLumberjack/**",
					"CocoaHTTPServer/Vendor/CocoaAsyncSocket/**",
					"../MIDI/**",
					"../feelers/**",
				);
				MACOSX_DEPLOYMENT_TARGET = 10.8;
				ONLY_ACTIVE_ARCH = YES;
				SDKROOT = macosx;
			};
			name = Debug;
		};
		20DC11BF15BB050100DC5CF1 /* Release */ = {
			isa = XCBuildConfiguration;
			buildSettings = {
				ALWAYS_SEARCH_USER_PATHS = NO;
				ARCHS = "$(ARCHS_STANDARD_64_BIT)";
				CLANG_CXX_LANGUAGE_STANDARD = "gnu++0x";
				CLANG_ENABLE_OBJC_ARC = YES;
				CLANG_WARN__DUPLICATE_METHOD_MATCH = YES;
				COPY_PHASE_STRIP = YES;
				DEBUG_INFORMATION_FORMAT = "dwarf-with-dsym";
				GCC_C_LANGUAGE_STANDARD = gnu99;
				GCC_ENABLE_OBJC_EXCEPTIONS = YES;
				GCC_WARN_64_TO_32_BIT_CONVERSION = YES;
				GCC_WARN_ABOUT_RETURN_TYPE = YES;
				GCC_WARN_UNINITIALIZED_AUTOS = YES;
				GCC_WARN_UNUSED_VARIABLE = YES;
				HEADER_SEARCH_PATHS = (
					"HTTP/CocoaHTTPServer/Vendor/CocoaLumberjack/**",
					"CocoaHTTPServer/Vendor/CocoaAsyncSocket/**",
					"../MIDI/**",
					"../feelers/**",
				);
				MACOSX_DEPLOYMENT_TARGET = 10.8;
				SDKROOT = macosx;
			};
			name = Release;
		};
		20DC11C115BB050100DC5CF1 /* Debug */ = {
			isa = XCBuildConfiguration;
			buildSettings = {
				COMBINE_HIDPI_IMAGES = YES;
				FRAMEWORK_SEARCH_PATHS = (
					"$(inherited)",
					"\"$(SRCROOT)/../../../Library/Developer/Xcode/DerivedData/synthesizer-fikigagxjnvvoeabcecxqikhscdv/Build/Products/Debug\"",
				);
				GCC_PRECOMPILE_PREFIX_HEADER = YES;
				GCC_PREFIX_HEADER = "synthesizer-Prefix.pch";
				INFOPLIST_FILE = "synthesizer-Info.plist";
				PRODUCT_NAME = synthesizer;
				WRAPPER_EXTENSION = app;
			};
			name = Debug;
		};
		20DC11C215BB050100DC5CF1 /* Release */ = {
			isa = XCBuildConfiguration;
			buildSettings = {
				COMBINE_HIDPI_IMAGES = YES;
				FRAMEWORK_SEARCH_PATHS = (
					"$(inherited)",
					"\"$(SRCROOT)/../../../Library/Developer/Xcode/DerivedData/synthesizer-fikigagxjnvvoeabcecxqikhscdv/Build/Products/Debug\"",
				);
				GCC_PRECOMPILE_PREFIX_HEADER = YES;
				GCC_PREFIX_HEADER = "synthesizer-Prefix.pch";
				INFOPLIST_FILE = "synthesizer-Info.plist";
				PRODUCT_NAME = synthesizer;
				WRAPPER_EXTENSION = app;
			};
			name = Release;
		};
		20DC11C415BB050100DC5CF1 /* Debug */ = {
			isa = XCBuildConfiguration;
			buildSettings = {
				BUNDLE_LOADER = "$(BUILT_PRODUCTS_DIR)/backend.app/Contents/MacOS/backend";
				COMBINE_HIDPI_IMAGES = YES;
				FRAMEWORK_SEARCH_PATHS = "\"$(DEVELOPER_LIBRARY_DIR)/Frameworks\"";
				GCC_PRECOMPILE_PREFIX_HEADER = YES;
				GCC_PREFIX_HEADER = "synthesizer-Prefix.pch";
				INFOPLIST_FILE = "unitTests/synthesizerTests-Info.plist";
				PRODUCT_NAME = synthesizerTests;
				TEST_HOST = "$(BUNDLE_LOADER)";
				WRAPPER_EXTENSION = octest;
			};
			name = Debug;
		};
		20DC11C515BB050100DC5CF1 /* Release */ = {
			isa = XCBuildConfiguration;
			buildSettings = {
				BUNDLE_LOADER = "$(BUILT_PRODUCTS_DIR)/backend.app/Contents/MacOS/backend";
				COMBINE_HIDPI_IMAGES = YES;
				FRAMEWORK_SEARCH_PATHS = "\"$(DEVELOPER_LIBRARY_DIR)/Frameworks\"";
				GCC_PRECOMPILE_PREFIX_HEADER = YES;
				GCC_PREFIX_HEADER = "synthesizer-Prefix.pch";
				INFOPLIST_FILE = "unitTests/synthesizerTests-Info.plist";
				PRODUCT_NAME = synthesizerTests;
				TEST_HOST = "$(BUNDLE_LOADER)";
				WRAPPER_EXTENSION = octest;
			};
			name = Release;
		};
/* End XCBuildConfiguration section */

/* Begin XCConfigurationList section */
		20DC118515BB050000DC5CF1 /* Build configuration list for PBXProject "synthesizer" */ = {
			isa = XCConfigurationList;
			buildConfigurations = (
				20DC11BE15BB050100DC5CF1 /* Debug */,
				20DC11BF15BB050100DC5CF1 /* Release */,
			);
			defaultConfigurationIsVisible = 0;
			defaultConfigurationName = Release;
		};
		20DC11C015BB050100DC5CF1 /* Build configuration list for PBXNativeTarget "synthesizer" */ = {
			isa = XCConfigurationList;
			buildConfigurations = (
				20DC11C115BB050100DC5CF1 /* Debug */,
				20DC11C215BB050100DC5CF1 /* Release */,
			);
			defaultConfigurationIsVisible = 0;
			defaultConfigurationName = Release;
		};
		20DC11C315BB050100DC5CF1 /* Build configuration list for PBXNativeTarget "synthesizerTests" */ = {
			isa = XCConfigurationList;
			buildConfigurations = (
				20DC11C415BB050100DC5CF1 /* Debug */,
				20DC11C515BB050100DC5CF1 /* Release */,
			);
			defaultConfigurationIsVisible = 0;
			defaultConfigurationName = Release;
		};
/* End XCConfigurationList section */

/* Begin XCVersionGroup section */
		20E81C2F15D69B5A00758972 /* synthesizer.xcdatamodeld */ = {
			isa = XCVersionGroup;
			children = (
				20E81C3015D69B5A00758972 /* synthesizer.xcdatamodel */,
			);
			currentVersion = 20E81C3015D69B5A00758972 /* synthesizer.xcdatamodel */;
			path = synthesizer.xcdatamodeld;
			sourceTree = "<group>";
			versionGroupType = wrapper.xcdatamodel;
		};
/* End XCVersionGroup section */
	};
	rootObject = 20DC118215BB050000DC5CF1 /* Project object */;
}
